{
  "originHash" : "f7161b68f0d1c15d09f7134c20529ba1a45c16aef41e28e66f9c4b35f929d3a5",
  "pins" : [
    {
      "identity" : "wwbytereader",
      "kind" : "remoteSourceControl",
      "location" : "https://github.com/William-Weng/WWByteReader",
      "state" : {
        "revision" : "649c61f39782e3e7e4fe962d2f6354dcb60c1992",
        "version" : "1.0.1"
      }
    },
    {
      "identity" : "wwqoa",
      "kind" : "remoteSourceControl",
      "location" : "https://github.com/William-Weng/WWQOA",
      "state" : {
        "revision" : "60331b64c3672ddd10d602833117d0e975539fd9",
        "version" : "1.1.0"
      }
    },
    {
      "identity" : "wwwavwriter",
      "kind" : "remoteSourceControl",
      "location" : "https://github.com/William-Weng/WWWavWriter",
      "state" : {
        "revision" : "503304723a6d97698294d634b1785fdc4cd7bc85",
        "version" : "1.1.0"
      }
    }
  ],
  "version" : 3
}
